
Microsoft Visual Studio Solution File, Format Version 12.00
# Visual Studio Version 17
VisualStudioVersion = 17.10.35013.160
MinimumVisualStudioVersion = 10.0.40219.1
Project("{9A19103F-16F7-4668-BE54-9A1E7A4F7556}") = "MyWebApplication1", "MyWebApplication1\MyWebApplication1.csproj", "{A7BE9A60-29A1-4A6B-A3DF-75545F2DFAFF}"
EndProject
Project("{FAE04EC0-301F-11D3-BF4B-00C04F79EFBC}") = "UnitTests", "UnitTests\UnitTests.csproj", "{C5128A36-7157-40FB-BBDA-7FE60E6083D8}"
EndProject
Global
	GlobalSection(SolutionConfigurationPlatforms) = preSolution
		Debug|Any CPU = Debug|Any CPU
		Release|Any CPU = Release|Any CPU
	EndGlobalSection
	GlobalSection(ProjectConfigurationPlatforms) = postSolution
		{A7BE9A60-29A1-4A6B-A3DF-75545F2DFAFF}.Debug|Any CPU.ActiveCfg = Debug|Any CPU
		{A7BE9A60-29A1-4A6B-A3DF-75545F2DFAFF}.Debug|Any CPU.Build.0 = Debug|Any CPU
		{A7BE9A60-29A1-4A6B-A3DF-75545F2DFAFF}.Release|Any CPU.ActiveCfg = Release|Any CPU
		{A7BE9A60-29A1-4A6B-A3DF-75545F2DFAFF}.Release|Any CPU.Build.0 = Release|Any CPU
		{C5128A36-7157-40FB-BBDA-7FE60E6083D8}.Debug|Any CPU.ActiveCfg = Debug|Any CPU
		{C5128A36-7157-40FB-BBDA-7FE60E6083D8}.Debug|Any CPU.Build.0 = Debug|Any CPU
		{C5128A36-7157-40FB-BBDA-7FE60E6083D8}.Release|Any CPU.ActiveCfg = Release|Any CPU
		{C5128A36-7157-40FB-BBDA-7FE60E6083D8}.Release|Any CPU.Build.0 = Release|Any CPU
	EndGlobalSection
	GlobalSection(SolutionProperties) = preSolution
		HideSolutionNode = FALSE
	EndGlobalSection
	GlobalSection(ExtensibilityGlobals) = postSolution
		SolutionGuid = {E1FBF74D-205A-4B64-A019-415CBE7562EC}
	EndGlobalSection
EndGlobal
